// !$*UTF8*$!
{
	archiveVersion = 1;
	classes = {
	};
	objectVersion = 56;
	objects = {

/* Begin PBXBuildFile section */
		F9175DC82CBBECEB0001B5AA /* EditFaceView-ViewModel.swift in Sources */ = {isa = PBXBuildFile; fileRef = F9175DC72CBBECEB0001B5AA /* EditFaceView-ViewModel.swift */; };
		F94FA8602C80DA110064B3E8 /* LocationFetcher.swift in Sources */ = {isa = PBXBuildFile; fileRef = F94FA85F2C80DA100064B3E8 /* LocationFetcher.swift */; };
		F94FA8622C80DE900064B3E8 /* MapView.swift in Sources */ = {isa = PBXBuildFile; fileRef = F94FA8612C80DE900064B3E8 /* MapView.swift */; };
		F9863CEE2C773EAF008C7842 /* FacesApp.swift in Sources */ = {isa = PBXBuildFile; fileRef = F9863CED2C773EAF008C7842 /* FacesApp.swift */; };
		F9863CF02C773EAF008C7842 /* ContentView.swift in Sources */ = {isa = PBXBuildFile; fileRef = F9863CEF2C773EAF008C7842 /* ContentView.swift */; };
		F9863CF22C773EB2008C7842 /* Assets.xcassets in Resources */ = {isa = PBXBuildFile; fileRef = F9863CF12C773EB2008C7842 /* Assets.xcassets */; };
		F9863CF52C773EB2008C7842 /* Preview Assets.xcassets in Resources */ = {isa = PBXBuildFile; fileRef = F9863CF42C773EB2008C7842 /* Preview Assets.xcassets */; };
		F9863CFC2C774C90008C7842 /* Face.swift in Sources */ = {isa = PBXBuildFile; fileRef = F9863CFB2C774C90008C7842 /* Face.swift */; };
		F9863CFE2C7774B2008C7842 /* AddFaceView.swift in Sources */ = {isa = PBXBuildFile; fileRef = F9863CFD2C7774B2008C7842 /* AddFaceView.swift */; };
		F98FAFF02C7E150500D8C291 /* ContentView-ViewModel.swift in Sources */ = {isa = PBXBuildFile; fileRef = F98FAFEF2C7E150500D8C291 /* ContentView-ViewModel.swift */; };
		F98FAFF22C7E24DA00D8C291 /* EditFaceView.swift in Sources */ = {isa = PBXBuildFile; fileRef = F98FAFF12C7E24DA00D8C291 /* EditFaceView.swift */; };
		F98FAFF42C7F549E00D8C291 /* FaceView.swift in Sources */ = {isa = PBXBuildFile; fileRef = F98FAFF32C7F549E00D8C291 /* FaceView.swift */; };
/* End PBXBuildFile section */

/* Begin PBXFileReference section */
		F9175DC72CBBECEB0001B5AA /* EditFaceView-ViewModel.swift */ = {isa = PBXFileReference; lastKnownFileType = sourcecode.swift; path = "EditFaceView-ViewModel.swift"; sourceTree = "<group>"; };
		F94FA85F2C80DA100064B3E8 /* LocationFetcher.swift */ = {isa = PBXFileReference; lastKnownFileType = sourcecode.swift; path = LocationFetcher.swift; sourceTree = "<group>"; };
		F94FA8612C80DE900064B3E8 /* MapView.swift */ = {isa = PBXFileReference; lastKnownFileType = sourcecode.swift; path = MapView.swift; sourceTree = "<group>"; };
		F9863CEA2C773EAF008C7842 /* Faces.app */ = {isa = PBXFileReference; explicitFileType = wrapper.application; includeInIndex = 0; path = Faces.app; sourceTree = BUILT_PRODUCTS_DIR; };
		F9863CED2C773EAF008C7842 /* FacesApp.swift */ = {isa = PBXFileReference; lastKnownFileType = sourcecode.swift; path = FacesApp.swift; sourceTree = "<group>"; };
		F9863CEF2C773EAF008C7842 /* ContentView.swift */ = {isa = PBXFileReference; lastKnownFileType = sourcecode.swift; path = ContentView.swift; sourceTree = "<group>"; };
		F9863CF12C773EB2008C7842 /* Assets.xcassets */ = {isa = PBXFileReference; lastKnownFileType = folder.assetcatalog; path = Assets.xcassets; sourceTree = "<group>"; };
		F9863CF42C773EB2008C7842 /* Preview Assets.xcassets */ = {isa = PBXFileReference; lastKnownFileType = folder.assetcatalog; path = "Preview Assets.xcassets"; sourceTree = "<group>"; };
		F9863CFB2C774C90008C7842 /* Face.swift */ = {isa = PBXFileReference; lastKnownFileType = sourcecode.swift; path = Face.swift; sourceTree = "<group>"; };
		F9863CFD2C7774B2008C7842 /* AddFaceView.swift */ = {isa = PBXFileReference; lastKnownFileType = sourcecode.swift; path = AddFaceView.swift; sourceTree = "<group>"; };
		F98FAFEF2C7E150500D8C291 /* ContentView-ViewModel.swift */ = {isa = PBXFileReference; lastKnownFileType = sourcecode.swift; path = "ContentView-ViewModel.swift"; sourceTree = "<group>"; };
		F98FAFF12C7E24DA00D8C291 /* EditFaceView.swift */ = {isa = PBXFileReference; lastKnownFileType = sourcecode.swift; path = EditFaceView.swift; sourceTree = "<group>"; };
		F98FAFF32C7F549E00D8C291 /* FaceView.swift */ = {isa = PBXFileReference; lastKnownFileType = sourcecode.swift; path = FaceView.swift; sourceTree = "<group>"; };
/* End PBXFileReference section */

/* Begin PBXFrameworksBuildPhase section */
		F9863CE72C773EAF008C7842 /* Frameworks */ = {
			isa = PBXFrameworksBuildPhase;
			buildActionMask = 2147483647;
			files = (
			);
			runOnlyForDeploymentPostprocessing = 0;
		};
/* End PBXFrameworksBuildPhase section */

/* Begin PBXGroup section */
		F9863CE12C773EAF008C7842 = {
			isa = PBXGroup;
			children = (
				F9863CEC2C773EAF008C7842 /* Faces */,
				F9863CEB2C773EAF008C7842 /* Products */,
			);
			sourceTree = "<group>";
		};
		F9863CEB2C773EAF008C7842 /* Products */ = {
			isa = PBXGroup;
			children = (
				F9863CEA2C773EAF008C7842 /* Faces.app */,
			);
			name = Products;
			sourceTree = "<group>";
		};
		F9863CEC2C773EAF008C7842 /* Faces */ = {
			isa = PBXGroup;
			children = (
				F9863CED2C773EAF008C7842 /* FacesApp.swift */,
				F9863CEF2C773EAF008C7842 /* ContentView.swift */,
				F98FAFEF2C7E150500D8C291 /* ContentView-ViewModel.swift */,
				F98FAFF12C7E24DA00D8C291 /* EditFaceView.swift */,
				F9175DC72CBBECEB0001B5AA /* EditFaceView-ViewModel.swift */,
				F9863CFD2C7774B2008C7842 /* AddFaceView.swift */,
				F98FAFF32C7F549E00D8C291 /* FaceView.swift */,
				F94FA8612C80DE900064B3E8 /* MapView.swift */,
				F9863CFB2C774C90008C7842 /* Face.swift */,
				F94FA85F2C80DA100064B3E8 /* LocationFetcher.swift */,
				F9863CF12C773EB2008C7842 /* Assets.xcassets */,
				F9863CF32C773EB2008C7842 /* Preview Content */,
			);
			path = Faces;
			sourceTree = "<group>";
		};
		F9863CF32C773EB2008C7842 /* Preview Content */ = {
			isa = PBXGroup;
			children = (
				F9863CF42C773EB2008C7842 /* Preview Assets.xcassets */,
			);
			path = "Preview Content";
			sourceTree = "<group>";
		};
/* End PBXGroup section */

/* Begin PBXNativeTarget section */
		F9863CE92C773EAF008C7842 /* Faces */ = {
			isa = PBXNativeTarget;
			buildConfigurationList = F9863CF82C773EB2008C7842 /* Build configuration list for PBXNativeTarget "Faces" */;
			buildPhases = (
				F9863CE62C773EAF008C7842 /* Sources */,
				F9863CE72C773EAF008C7842 /* Frameworks */,
				F9863CE82C773EAF008C7842 /* Resources */,
			);
			buildRules = (
			);
			dependencies = (
			);
			name = Faces;
			productName = Faces;
			productReference = F9863CEA2C773EAF008C7842 /* Faces.app */;
			productType = "com.apple.product-type.application";
		};
/* End PBXNativeTarget section */

/* Begin PBXProject section */
		F9863CE22C773EAF008C7842 /* Project object */ = {
			isa = PBXProject;
			attributes = {
				BuildIndependentTargetsInParallel = 1;
				LastSwiftUpdateCheck = 1540;
				LastUpgradeCheck = 1540;
				TargetAttributes = {
					F9863CE92C773EAF008C7842 = {
						CreatedOnToolsVersion = 15.4;
					};
				};
			};
			buildConfigurationList = F9863CE52C773EAF008C7842 /* Build configuration list for PBXProject "Faces" */;
			compatibilityVersion = "Xcode 14.0";
			developmentRegion = en;
			hasScannedForEncodings = 0;
			knownRegions = (
				en,
				Base,
			);
			mainGroup = F9863CE12C773EAF008C7842;
			productRefGroup = F9863CEB2C773EAF008C7842 /* Products */;
			projectDirPath = "";
			projectRoot = "";
			targets = (
				F9863CE92C773EAF008C7842 /* Faces */,
			);
		};
/* End PBXProject section */

/* Begin PBXResourcesBuildPhase section */
		F9863CE82C773EAF008C7842 /* Resources */ = {
			isa = PBXResourcesBuildPhase;
			buildActionMask = 2147483647;
			files = (
				F9863CF52C773EB2008C7842 /* Preview Assets.xcassets in Resources */,
				F9863CF22C773EB2008C7842 /* Assets.xcassets in Resources */,
			);
			runOnlyForDeploymentPostprocessing = 0;
		};
/* End PBXResourcesBuildPhase section */

/* Begin PBXSourcesBuildPhase section */
		F9863CE62C773EAF008C7842 /* Sources */ = {
			isa = PBXSourcesBuildPhase;
			buildActionMask = 2147483647;
			files = (
				F9863CF02C773EAF008C7842 /* ContentView.swift in Sources */,
				F9863CFC2C774C90008C7842 /* Face.swift in Sources */,
				F9175DC82CBBECEB0001B5AA /* EditFaceView-ViewModel.swift in Sources */,
				F94FA8602C80DA110064B3E8 /* LocationFetcher.swift in Sources */,
				F98FAFF42C7F549E00D8C291 /* FaceView.swift in Sources */,
				F98FAFF02C7E150500D8C291 /* ContentView-ViewModel.swift in Sources */,
				F9863CEE2C773EAF008C7842 /* FacesApp.swift in Sources */,
				F9863CFE2C7774B2008C7842 /* AddFaceView.swift in Sources */,
				F94FA8622C80DE900064B3E8 /* MapView.swift in Sources */,
				F98FAFF22C7E24DA00D8C291 /* EditFaceView.swift in Sources */,
			);
			runOnlyForDeploymentPostprocessing = 0;
		};
/* End PBXSourcesBuildPhase section */

/* Begin XCBuildConfiguration section */
		F9863CF62C773EB2008C7842 /* Debug */ = {
			isa = XCBuildConfiguration;
			buildSettings = {
				ALWAYS_SEARCH_USER_PATHS = NO;
				ASSETCATALOG_COMPILER_GENERATE_SWIFT_ASSET_SYMBOL_EXTENSIONS = YES;
				CLANG_ANALYZER_NONNULL = YES;
				CLANG_ANALYZER_NUMBER_OBJECT_CONVERSION = YES_AGGRESSIVE;
				CLANG_CXX_LANGUAGE_STANDARD = "gnu++20";
				CLANG_ENABLE_MODULES = YES;
				CLANG_ENABLE_OBJC_ARC = YES;
				CLANG_ENABLE_OBJC_WEAK = YES;
				CLANG_WARN_BLOCK_CAPTURE_AUTORELEASING = YES;
				CLANG_WARN_BOOL_CONVERSION = YES;
				CLANG_WARN_COMMA = YES;
				CLANG_WARN_CONSTANT_CONVERSION = YES;
				CLANG_WARN_DEPRECATED_OBJC_IMPLEMENTATIONS = YES;
				CLANG_WARN_DIRECT_OBJC_ISA_USAGE = YES_ERROR;
				CLANG_WARN_DOCUMENTATION_COMMENTS = YES;
				CLANG_WARN_EMPTY_BODY = YES;
				CLANG_WARN_ENUM_CONVERSION = YES;
				CLANG_WARN_INFINITE_RECURSION = YES;
				CLANG_WARN_INT_CONVERSION = YES;
				CLANG_WARN_NON_LITERAL_NULL_CONVERSION = YES;
				CLANG_WARN_OBJC_IMPLICIT_RETAIN_SELF = YES;
				CLANG_WARN_OBJC_LITERAL_CONVERSION = YES;
				CLANG_WARN_OBJC_ROOT_CLASS = YES_ERROR;
				CLANG_WARN_QUOTED_INCLUDE_IN_FRAMEWORK_HEADER = YES;
				CLANG_WARN_RANGE_LOOP_ANALYSIS = YES;
				CLANG_WARN_STRICT_PROTOTYPES = YES;
				CLANG_WARN_SUSPICIOUS_MOVE = YES;
				CLANG_WARN_UNGUARDED_AVAILABILITY = YES_AGGRESSIVE;
				CLANG_WARN_UNREACHABLE_CODE = YES;
				CLANG_WARN__DUPLICATE_METHOD_MATCH = YES;
				COPY_PHASE_STRIP = NO;
				DEBUG_INFORMATION_FORMAT = dwarf;
				ENABLE_STRICT_OBJC_MSGSEND = YES;
				ENABLE_TESTABILITY = YES;
				ENABLE_USER_SCRIPT_SANDBOXING = YES;
				GCC_C_LANGUAGE_STANDARD = gnu17;
				GCC_DYNAMIC_NO_PIC = NO;
				GCC_NO_COMMON_BLOCKS = YES;
				GCC_OPTIMIZATION_LEVEL = 0;
				GCC_PREPROCESSOR_DEFINITIONS = (
					"DEBUG=1",
					"$(inherited)",
				);
				GCC_WARN_64_TO_32_BIT_CONVERSION = YES;
				GCC_WARN_ABOUT_RETURN_TYPE = YES_ERROR;
				GCC_WARN_UNDECLARED_SELECTOR = YES;
				GCC_WARN_UNINITIALIZED_AUTOS = YES_AGGRESSIVE;
				GCC_WARN_UNUSED_FUNCTION = YES;
				GCC_WARN_UNUSED_VARIABLE = YES;
				IPHONEOS_DEPLOYMENT_TARGET = 17.5;
				LOCALIZATION_PREFERS_STRING_CATALOGS = YES;
				MTL_ENABLE_DEBUG_INFO = INCLUDE_SOURCE;
				MTL_FAST_MATH = YES;
				ONLY_ACTIVE_ARCH = YES;
				SDKROOT = iphoneos;
				SWIFT_ACTIVE_COMPILATION_CONDITIONS = "DEBUG $(inherited)";
				SWIFT_OPTIMIZATION_LEVEL = "-Onone";
			};
			name = Debug;
		};
		F9863CF72C773EB2008C7842 /* Release */ = {
			isa = XCBuildConfiguration;
			buildSettings = {
				ALWAYS_SEARCH_USER_PATHS = NO;
				ASSETCATALOG_COMPILER_GENERATE_SWIFT_ASSET_SYMBOL_EXTENSIONS = YES;
				CLANG_ANALYZER_NONNULL = YES;
				CLANG_ANALYZER_NUMBER_OBJECT_CONVERSION = YES_AGGRESSIVE;
				CLANG_CXX_LANGUAGE_STANDARD = "gnu++20";
				CLANG_ENABLE_MODULES = YES;
				CLANG_ENABLE_OBJC_ARC = YES;
				CLANG_ENABLE_OBJC_WEAK = YES;
				CLANG_WARN_BLOCK_CAPTURE_AUTORELEASING = YES;
				CLANG_WARN_BOOL_CONVERSION = YES;
				CLANG_WARN_COMMA = YES;
				CLANG_WARN_CONSTANT_CONVERSION = YES;
				CLANG_WARN_DEPRECATED_OBJC_IMPLEMENTATIONS = YES;
				CLANG_WARN_DIRECT_OBJC_ISA_USAGE = YES_ERROR;
				CLANG_WARN_DOCUMENTATION_COMMENTS = YES;
				CLANG_WARN_EMPTY_BODY = YES;
				CLANG_WARN_ENUM_CONVERSION = YES;
				CLANG_WARN_INFINITE_RECURSION = YES;
				CLANG_WARN_INT_CONVERSION = YES;
				CLANG_WARN_NON_LITERAL_NULL_CONVERSION = YES;
				CLANG_WARN_OBJC_IMPLICIT_RETAIN_SELF = YES;
				CLANG_WARN_OBJC_LITERAL_CONVERSION = YES;
				CLANG_WARN_OBJC_ROOT_CLASS = YES_ERROR;
				CLANG_WARN_QUOTED_INCLUDE_IN_FRAMEWORK_HEADER = YES;
				CLANG_WARN_RANGE_LOOP_ANALYSIS = YES;
				CLANG_WARN_STRICT_PROTOTYPES = YES;
				CLANG_WARN_SUSPICIOUS_MOVE = YES;
				CLANG_WARN_UNGUARDED_AVAILABILITY = YES_AGGRESSIVE;
				CLANG_WARN_UNREACHABLE_CODE = YES;
				CLANG_WARN__DUPLICATE_METHOD_MATCH = YES;
				COPY_PHASE_STRIP = NO;
				DEBUG_INFORMATION_FORMAT = "dwarf-with-dsym";
				ENABLE_NS_ASSERTIONS = NO;
				ENABLE_STRICT_OBJC_MSGSEND = YES;
				ENABLE_USER_SCRIPT_SANDBOXING = YES;
				GCC_C_LANGUAGE_STANDARD = gnu17;
				GCC_NO_COMMON_BLOCKS = YES;
				GCC_WARN_64_TO_32_BIT_CONVERSION = YES;
				GCC_WARN_ABOUT_RETURN_TYPE = YES_ERROR;
				GCC_WARN_UNDECLARED_SELECTOR = YES;
				GCC_WARN_UNINITIALIZED_AUTOS = YES_AGGRESSIVE;
				GCC_WARN_UNUSED_FUNCTION = YES;
				GCC_WARN_UNUSED_VARIABLE = YES;
				IPHONEOS_DEPLOYMENT_TARGET = 17.5;
				LOCALIZATION_PREFERS_STRING_CATALOGS = YES;
				MTL_ENABLE_DEBUG_INFO = NO;
				MTL_FAST_MATH = YES;
				SDKROOT = iphoneos;
				SWIFT_COMPILATION_MODE = wholemodule;
				VALIDATE_PRODUCT = YES;
			};
			name = Release;
		};
		F9863CF92C773EB2008C7842 /* Debug */ = {
			isa = XCBuildConfiguration;
			buildSettings = {
				ASSETCATALOG_COMPILER_APPICON_NAME = AppIcon;
				ASSETCATALOG_COMPILER_GLOBAL_ACCENT_COLOR_NAME = AccentColor;
				CODE_SIGN_STYLE = Automatic;
				CURRENT_PROJECT_VERSION = 1;
				DEVELOPMENT_ASSET_PATHS = "\"Faces/Preview Content\"";
				DEVELOPMENT_TEAM = KTAWJ96FBN;
				ENABLE_PREVIEWS = YES;
				GENERATE_INFOPLIST_FILE = YES;
				INFOPLIST_KEY_NSLocationWhenInUseUsageDescription = "For Location Photo";
				INFOPLIST_KEY_UIApplicationSceneManifest_Generation = YES;
				INFOPLIST_KEY_UIApplicationSupportsIndirectInputEvents = YES;
				INFOPLIST_KEY_UILaunchScreen_Generation = YES;
				INFOPLIST_KEY_UISupportedInterfaceOrientations_iPad = "UIInterfaceOrientationPortrait UIInterfaceOrientationPortraitUpsideDown UIInterfaceOrientationLandscapeLeft UIInterfaceOrientationLandscapeRight";
				INFOPLIST_KEY_UISupportedInterfaceOrientations_iPhone = "UIInterfaceOrientationPortrait UIInterfaceOrientationLandscapeLeft UIInterfaceOrientationLandscapeRight";
				LD_RUNPATH_SEARCH_PATHS = (
					"$(inherited)",
					"@executable_path/Frameworks",
				);
				MARKETING_VERSION = 1.0;
				PRODUCT_BUNDLE_IDENTIFIER = kvenii.Faces;
				PRODUCT_NAME = "$(TARGET_NAME)";
				SWIFT_EMIT_LOC_STRINGS = YES;
				SWIFT_VERSION = 5.0;
				TARGETED_DEVICE_FAMILY = "1,2";
			};
			name = Debug;
		};
		F9863CFA2C773EB2008C7842 /* Release */ = {
			isa = XCBuildConfiguration;
			buildSettings = {
				ASSETCATALOG_COMPILER_APPICON_NAME = AppIcon;
				ASSETCATALOG_COMPILER_GLOBAL_ACCENT_COLOR_NAME = AccentColor;
				CODE_SIGN_STYLE = Automatic;
				CURRENT_PROJECT_VERSION = 1;
				DEVELOPMENT_ASSET_PATHS = "\"Faces/Preview Content\"";
				DEVELOPMENT_TEAM = KTAWJ96FBN;
				ENABLE_PREVIEWS = YES;
				GENERATE_INFOPLIST_FILE = YES;
				INFOPLIST_KEY_NSLocationWhenInUseUsageDescription = "For Location Photo";
				INFOPLIST_KEY_UIApplicationSceneManifest_Generation = YES;
				INFOPLIST_KEY_UIApplicationSupportsIndirectInputEvents = YES;
				INFOPLIST_KEY_UILaunchScreen_Generation = YES;
				INFOPLIST_KEY_UISupportedInterfaceOrientations_iPad = "UIInterfaceOrientationPortrait UIInterfaceOrientationPortraitUpsideDown UIInterfaceOrientationLandscapeLeft UIInterfaceOrientationLandscapeRight";
				INFOPLIST_KEY_UISupportedInterfaceOrientations_iPhone = "UIInterfaceOrientationPortrait UIInterfaceOrientationLandscapeLeft UIInterfaceOrientationLandscapeRight";
				LD_RUNPATH_SEARCH_PATHS = (
					"$(inherited)",
					"@executable_path/Frameworks",
				);
				MARKETING_VERSION = 1.0;
				PRODUCT_BUNDLE_IDENTIFIER = kvenii.Faces;
				PRODUCT_NAME = "$(TARGET_NAME)";
				SWIFT_EMIT_LOC_STRINGS = YES;
				SWIFT_VERSION = 5.0;
				TARGETED_DEVICE_FAMILY = "1,2";
			};
			name = Release;
		};
/* End XCBuildConfiguration section */

/* Begin XCConfigurationList section */
		F9863CE52C773EAF008C7842 /* Build configuration list for PBXProject "Faces" */ = {
			isa = XCConfigurationList;
			buildConfigurations = (
				F9863CF62C773EB2008C7842 /* Debug */,
				F9863CF72C773EB2008C7842 /* Release */,
			);
			defaultConfigurationIsVisible = 0;
			defaultConfigurationName = Release;
		};
		F9863CF82C773EB2008C7842 /* Build configuration list for PBXNativeTarget "Faces" */ = {
			isa = XCConfigurationList;
			buildConfigurations = (
				F9863CF92C773EB2008C7842 /* Debug */,
				F9863CFA2C773EB2008C7842 /* Release */,
			);
			defaultConfigurationIsVisible = 0;
			defaultConfigurationName = Release;
		};
/* End XCConfigurationList section */
	};
	rootObject = F9863CE22C773EAF008C7842 /* Project object */;
}
